
Microsoft Visual Studio Solution File, Format Version 12.00
# Visual Studio Version 17
VisualStudioVersion = 17.9.34728.123
MinimumVisualStudioVersion = 10.0.40219.1
Project("{8BC9CEB8-8B4A-11D0-8D11-00A0C91BC942}") = "test5.26", "test5.26.vcxproj", "{C39B3151-F1E9-4FA9-9F73-60075F2D0165}"
EndProject
Global
	GlobalSection(SolutionConfigurationPlatforms) = preSolution
		Debug|x64 = Debug|x64
		Debug|x86 = Debug|x86
		Release|x64 = Release|x64
		Release|x86 = Release|x86
	EndGlobalSection
	GlobalSection(ProjectConfigurationPlatforms) = postSolution
		{C39B3151-F1E9-4FA9-9F73-60075F2D0165}.Debug|x64.ActiveCfg = Debug|x64
		{C39B3151-F1E9-4FA9-9F73-60075F2D0165}.Debug|x64.Build.0 = Debug|x64
		{C39B3151-F1E9-4FA9-9F73-60075F2D0165}.Debug|x86.ActiveCfg = Debug|Win32
		{C39B3151-F1E9-4FA9-9F73-60075F2D0165}.Debug|x86.Build.0 = Debug|Win32
		{C39B3151-F1E9-4FA9-9F73-60075F2D0165}.Release|x64.ActiveCfg = Release|x64
		{C39B3151-F1E9-4FA9-9F73-60075F2D0165}.Release|x64.Build.0 = Release|x64
		{C39B3151-F1E9-4FA9-9F73-60075F2D0165}.Release|x86.ActiveCfg = Release|Win32
		{C39B3151-F1E9-4FA9-9F73-60075F2D0165}.Release|x86.Build.0 = Release|Win32
	EndGlobalSection
	GlobalSection(SolutionProperties) = preSolution
		HideSolutionNode = FALSE
	EndGlobalSection
	GlobalSection(ExtensibilityGlobals) = postSolution
		SolutionGuid = {648D44F6-4EC0-4052-AA05-E80102C8C9C9}
	EndGlobalSection
EndGlobal
