
Microsoft Visual Studio Solution File, Format Version 12.00
# Visual Studio Version 17
VisualStudioVersion = 17.9.34728.123
MinimumVisualStudioVersion = 10.0.40219.1
Project("{8BC9CEB8-8B4A-11D0-8D11-00A0C91BC942}") = "test6.29", "test6.29.vcxproj", "{20DE333A-2555-44F9-86E4-83EB568DCD1D}"
EndProject
Global
	GlobalSection(SolutionConfigurationPlatforms) = preSolution
		Debug|x64 = Debug|x64
		Debug|x86 = Debug|x86
		Release|x64 = Release|x64
		Release|x86 = Release|x86
	EndGlobalSection
	GlobalSection(ProjectConfigurationPlatforms) = postSolution
		{20DE333A-2555-44F9-86E4-83EB568DCD1D}.Debug|x64.ActiveCfg = Debug|x64
		{20DE333A-2555-44F9-86E4-83EB568DCD1D}.Debug|x64.Build.0 = Debug|x64
		{20DE333A-2555-44F9-86E4-83EB568DCD1D}.Debug|x86.ActiveCfg = Debug|Win32
		{20DE333A-2555-44F9-86E4-83EB568DCD1D}.Debug|x86.Build.0 = Debug|Win32
		{20DE333A-2555-44F9-86E4-83EB568DCD1D}.Release|x64.ActiveCfg = Release|x64
		{20DE333A-2555-44F9-86E4-83EB568DCD1D}.Release|x64.Build.0 = Release|x64
		{20DE333A-2555-44F9-86E4-83EB568DCD1D}.Release|x86.ActiveCfg = Release|Win32
		{20DE333A-2555-44F9-86E4-83EB568DCD1D}.Release|x86.Build.0 = Release|Win32
	EndGlobalSection
	GlobalSection(SolutionProperties) = preSolution
		HideSolutionNode = FALSE
	EndGlobalSection
	GlobalSection(ExtensibilityGlobals) = postSolution
		SolutionGuid = {99A8CBBF-7B7E-489E-BC57-44DB391AAF2D}
	EndGlobalSection
EndGlobal
